
Microsoft Visual Studio Solution File, Format Version 12.00
# Visual Studio 15
VisualStudioVersion = 15.0.28307.329
MinimumVisualStudioVersion = 10.0.40219.1
Project("{FAE04EC0-301F-11D3-BF4B-00C04F79EFBC}") = "SamuraiApp.Domain", "SamuraiApp.Domain\SamuraiApp.Domain.csproj", "{F80FF250-D34A-4CC9-B174-688EC6F080A5}"
EndProject
Project("{FAE04EC0-301F-11D3-BF4B-00C04F79EFBC}") = "SamuraiApp.Data", "SamuraiApp.Data\SamuraiApp.Data.csproj", "{6B5D3012-B8BA-4133-8727-7E21DC53DDE9}"
EndProject
Project("{FAE04EC0-301F-11D3-BF4B-00C04F79EFBC}") = "SamuraiApp.Web", "SamuraiApp.Web\SamuraiApp.Web.csproj", "{511021A2-6C65-454B-A9D6-185F4F864344}"
EndProject
Project("{FAE04EC0-301F-11D3-BF4B-00C04F79EFBC}") = "SomeUI", "SomeUI\SomeUI.csproj", "{A92A2C69-8AD6-4F84-B556-D24D5E2E0D67}"
EndProject
Global
	GlobalSection(SolutionConfigurationPlatforms) = preSolution
		Debug|Any CPU = Debug|Any CPU
		Release|Any CPU = Release|Any CPU
	EndGlobalSection
	GlobalSection(ProjectConfigurationPlatforms) = postSolution
		{F80FF250-D34A-4CC9-B174-688EC6F080A5}.Debug|Any CPU.ActiveCfg = Debug|Any CPU
		{F80FF250-D34A-4CC9-B174-688EC6F080A5}.Debug|Any CPU.Build.0 = Debug|Any CPU
		{F80FF250-D34A-4CC9-B174-688EC6F080A5}.Release|Any CPU.ActiveCfg = Release|Any CPU
		{F80FF250-D34A-4CC9-B174-688EC6F080A5}.Release|Any CPU.Build.0 = Release|Any CPU
		{6B5D3012-B8BA-4133-8727-7E21DC53DDE9}.Debug|Any CPU.ActiveCfg = Debug|Any CPU
		{6B5D3012-B8BA-4133-8727-7E21DC53DDE9}.Debug|Any CPU.Build.0 = Debug|Any CPU
		{6B5D3012-B8BA-4133-8727-7E21DC53DDE9}.Release|Any CPU.ActiveCfg = Release|Any CPU
		{6B5D3012-B8BA-4133-8727-7E21DC53DDE9}.Release|Any CPU.Build.0 = Release|Any CPU
		{511021A2-6C65-454B-A9D6-185F4F864344}.Debug|Any CPU.ActiveCfg = Debug|Any CPU
		{511021A2-6C65-454B-A9D6-185F4F864344}.Debug|Any CPU.Build.0 = Debug|Any CPU
		{511021A2-6C65-454B-A9D6-185F4F864344}.Release|Any CPU.ActiveCfg = Release|Any CPU
		{511021A2-6C65-454B-A9D6-185F4F864344}.Release|Any CPU.Build.0 = Release|Any CPU
		{A92A2C69-8AD6-4F84-B556-D24D5E2E0D67}.Debug|Any CPU.ActiveCfg = Debug|Any CPU
		{A92A2C69-8AD6-4F84-B556-D24D5E2E0D67}.Debug|Any CPU.Build.0 = Debug|Any CPU
		{A92A2C69-8AD6-4F84-B556-D24D5E2E0D67}.Release|Any CPU.ActiveCfg = Release|Any CPU
		{A92A2C69-8AD6-4F84-B556-D24D5E2E0D67}.Release|Any CPU.Build.0 = Release|Any CPU
	EndGlobalSection
	GlobalSection(SolutionProperties) = preSolution
		HideSolutionNode = FALSE
	EndGlobalSection
	GlobalSection(ExtensibilityGlobals) = postSolution
		SolutionGuid = {A35F271B-0EC1-417A-B8DF-EF10DAADE4A0}
	EndGlobalSection
EndGlobal
